
Microsoft Visual Studio Solution File, Format Version 12.00
# Visual Studio Version 17
VisualStudioVersion = 17.0.32014.148
MinimumVisualStudioVersion = 10.0.40219.1
Project("{8BC9CEB8-8B4A-11D0-8D11-00A0C91BC942}") = "HW5", "HW5\HW5.vcxproj", "{4C1D4362-22CA-4ECE-B2ED-61EA94534055}"
EndProject
Global
	GlobalSection(SolutionConfigurationPlatforms) = preSolution
		Debug|x64 = Debug|x64
		Debug|x86 = Debug|x86
		Release|x64 = Release|x64
		Release|x86 = Release|x86
	EndGlobalSection
	GlobalSection(ProjectConfigurationPlatforms) = postSolution
		{4C1D4362-22CA-4ECE-B2ED-61EA94534055}.Debug|x64.ActiveCfg = Debug|x64
		{4C1D4362-22CA-4ECE-B2ED-61EA94534055}.Debug|x64.Build.0 = Debug|x64
		{4C1D4362-22CA-4ECE-B2ED-61EA94534055}.Debug|x86.ActiveCfg = Debug|Win32
		{4C1D4362-22CA-4ECE-B2ED-61EA94534055}.Debug|x86.Build.0 = Debug|Win32
		{4C1D4362-22CA-4ECE-B2ED-61EA94534055}.Release|x64.ActiveCfg = Release|x64
		{4C1D4362-22CA-4ECE-B2ED-61EA94534055}.Release|x64.Build.0 = Release|x64
		{4C1D4362-22CA-4ECE-B2ED-61EA94534055}.Release|x86.ActiveCfg = Release|Win32
		{4C1D4362-22CA-4ECE-B2ED-61EA94534055}.Release|x86.Build.0 = Release|Win32
	EndGlobalSection
	GlobalSection(SolutionProperties) = preSolution
		HideSolutionNode = FALSE
	EndGlobalSection
	GlobalSection(ExtensibilityGlobals) = postSolution
		SolutionGuid = {E2A38548-ED2A-4D82-88D5-6A867529992F}
	EndGlobalSection
EndGlobal
